// !$*UTF8*$!
{
	archiveVersion = 1;
	classes = {
	};
	objectVersion = 46;
	objects = {

/* Begin PBXBuildFile section */
		19AD8A3C1F6291B800A21496 /* LoginViewController.swift in Sources */ = {isa = PBXBuildFile; fileRef = 19AD8A3B1F6291B800A21496 /* LoginViewController.swift */; };
		60DFBBA51F62795500C0E848 /* AppDelegate.swift in Sources */ = {isa = PBXBuildFile; fileRef = 60DFBBA41F62795500C0E848 /* AppDelegate.swift */; };
		60DFBBAA1F62795500C0E848 /* Main.storyboard in Resources */ = {isa = PBXBuildFile; fileRef = 60DFBBA81F62795500C0E848 /* Main.storyboard */; };
		60DFBBAC1F62795500C0E848 /* Assets.xcassets in Resources */ = {isa = PBXBuildFile; fileRef = 60DFBBAB1F62795500C0E848 /* Assets.xcassets */; };
		60DFBBAF1F62795500C0E848 /* LaunchScreen.storyboard in Resources */ = {isa = PBXBuildFile; fileRef = 60DFBBAD1F62795500C0E848 /* LaunchScreen.storyboard */; };
		60DFBBB71F627B7000C0E848 /* Auth.storyboard in Resources */ = {isa = PBXBuildFile; fileRef = 60DFBBB61F627B7000C0E848 /* Auth.storyboard */; };
		74F6A8007ED6517CE956A691 /* Pods_NextChat.framework in Frameworks */ = {isa = PBXBuildFile; fileRef = EF32158D8ACCAB62067352C7 /* Pods_NextChat.framework */; };
		F8EA022E1F6289C900947178 /* GoogleService-Info.plist in Resources */ = {isa = PBXBuildFile; fileRef = F8EA022D1F6289C900947178 /* GoogleService-Info.plist */; };
		F8EA02301F628FBC00947178 /* ChatViewController.swift in Sources */ = {isa = PBXBuildFile; fileRef = F8EA022F1F628FBC00947178 /* ChatViewController.swift */; };
/* End PBXBuildFile section */

/* Begin PBXFileReference section */
		0C9BDCFB1B6EDCF280985AC2 /* Pods-NextChat.debug.xcconfig */ = {isa = PBXFileReference; includeInIndex = 1; lastKnownFileType = text.xcconfig; name = "Pods-NextChat.debug.xcconfig"; path = "Pods/Target Support Files/Pods-NextChat/Pods-NextChat.debug.xcconfig"; sourceTree = "<group>"; };
		19AD8A3B1F6291B800A21496 /* LoginViewController.swift */ = {isa = PBXFileReference; fileEncoding = 4; lastKnownFileType = sourcecode.swift; path = LoginViewController.swift; sourceTree = "<group>"; };
		3EEA7E75551D3CBC7BCFB883 /* Pods-NextChat.release.xcconfig */ = {isa = PBXFileReference; includeInIndex = 1; lastKnownFileType = text.xcconfig; name = "Pods-NextChat.release.xcconfig"; path = "Pods/Target Support Files/Pods-NextChat/Pods-NextChat.release.xcconfig"; sourceTree = "<group>"; };
		60DFBBA11F62795500C0E848 /* NextChat.app */ = {isa = PBXFileReference; explicitFileType = wrapper.application; includeInIndex = 0; path = NextChat.app; sourceTree = BUILT_PRODUCTS_DIR; };
		60DFBBA41F62795500C0E848 /* AppDelegate.swift */ = {isa = PBXFileReference; lastKnownFileType = sourcecode.swift; path = AppDelegate.swift; sourceTree = "<group>"; };
		60DFBBA91F62795500C0E848 /* Base */ = {isa = PBXFileReference; lastKnownFileType = file.storyboard; name = Base; path = Base.lproj/Main.storyboard; sourceTree = "<group>"; };
		60DFBBAB1F62795500C0E848 /* Assets.xcassets */ = {isa = PBXFileReference; lastKnownFileType = folder.assetcatalog; path = Assets.xcassets; sourceTree = "<group>"; };
		60DFBBAE1F62795500C0E848 /* Base */ = {isa = PBXFileReference; lastKnownFileType = file.storyboard; name = Base; path = Base.lproj/LaunchScreen.storyboard; sourceTree = "<group>"; };
		60DFBBB01F62795500C0E848 /* Info.plist */ = {isa = PBXFileReference; lastKnownFileType = text.plist.xml; path = Info.plist; sourceTree = "<group>"; };
		60DFBBB61F627B7000C0E848 /* Auth.storyboard */ = {isa = PBXFileReference; fileEncoding = 4; lastKnownFileType = file.storyboard; path = Auth.storyboard; sourceTree = "<group>"; };
		EF32158D8ACCAB62067352C7 /* Pods_NextChat.framework */ = {isa = PBXFileReference; explicitFileType = wrapper.framework; includeInIndex = 0; path = Pods_NextChat.framework; sourceTree = BUILT_PRODUCTS_DIR; };
		F8EA022D1F6289C900947178 /* GoogleService-Info.plist */ = {isa = PBXFileReference; fileEncoding = 4; lastKnownFileType = text.plist.xml; path = "GoogleService-Info.plist"; sourceTree = "<group>"; };
		F8EA022F1F628FBC00947178 /* ChatViewController.swift */ = {isa = PBXFileReference; fileEncoding = 4; lastKnownFileType = sourcecode.swift; path = ChatViewController.swift; sourceTree = "<group>"; };
/* End PBXFileReference section */

/* Begin PBXFrameworksBuildPhase section */
		60DFBB9E1F62795500C0E848 /* Frameworks */ = {
			isa = PBXFrameworksBuildPhase;
			buildActionMask = 2147483647;
			files = (
				74F6A8007ED6517CE956A691 /* Pods_NextChat.framework in Frameworks */,
			);
			runOnlyForDeploymentPostprocessing = 0;
		};
/* End PBXFrameworksBuildPhase section */

/* Begin PBXGroup section */
		14B9F099A2CEB60A9A9965A6 /* Pods */ = {
			isa = PBXGroup;
			children = (
				0C9BDCFB1B6EDCF280985AC2 /* Pods-NextChat.debug.xcconfig */,
				3EEA7E75551D3CBC7BCFB883 /* Pods-NextChat.release.xcconfig */,
			);
			name = Pods;
			sourceTree = "<group>";
		};
		60DFBB981F62795500C0E848 = {
			isa = PBXGroup;
			children = (
				60DFBBA31F62795500C0E848 /* NextChat */,
				60DFBBA21F62795500C0E848 /* Products */,
				14B9F099A2CEB60A9A9965A6 /* Pods */,
				7027DED41AA1430A58C1B9E6 /* Frameworks */,
			);
			sourceTree = "<group>";
		};
		60DFBBA21F62795500C0E848 /* Products */ = {
			isa = PBXGroup;
			children = (
				60DFBBA11F62795500C0E848 /* NextChat.app */,
			);
			name = Products;
			sourceTree = "<group>";
		};
		60DFBBA31F62795500C0E848 /* NextChat */ = {
			isa = PBXGroup;
			children = (
				60DFBBA41F62795500C0E848 /* AppDelegate.swift */,
				19AD8A3B1F6291B800A21496 /* LoginViewController.swift */,
				60DFBBA81F62795500C0E848 /* Main.storyboard */,
				F8EA022D1F6289C900947178 /* GoogleService-Info.plist */,
				60DFBBB61F627B7000C0E848 /* Auth.storyboard */,
				F8EA022F1F628FBC00947178 /* ChatViewController.swift */,
				60DFBBAB1F62795500C0E848 /* Assets.xcassets */,
				60DFBBAD1F62795500C0E848 /* LaunchScreen.storyboard */,
				60DFBBB01F62795500C0E848 /* Info.plist */,
			);
			path = NextChat;
			sourceTree = "<group>";
		};
		7027DED41AA1430A58C1B9E6 /* Frameworks */ = {
			isa = PBXGroup;
			children = (
				EF32158D8ACCAB62067352C7 /* Pods_NextChat.framework */,
			);
			name = Frameworks;
			sourceTree = "<group>";
		};
/* End PBXGroup section */

/* Begin PBXNativeTarget section */
		60DFBBA01F62795500C0E848 /* NextChat */ = {
			isa = PBXNativeTarget;
			buildConfigurationList = 60DFBBB31F62795500C0E848 /* Build configuration list for PBXNativeTarget "NextChat" */;
			buildPhases = (
				CCCC549ED7EF4196F5BD9295 /* [CP] Check Pods Manifest.lock */,
				60DFBB9D1F62795500C0E848 /* Sources */,
				60DFBB9E1F62795500C0E848 /* Frameworks */,
				60DFBB9F1F62795500C0E848 /* Resources */,
				D0763C3E4504C14EC085D984 /* [CP] Embed Pods Frameworks */,
				BD052C5B5049A601369474DE /* [CP] Copy Pods Resources */,
			);
			buildRules = (
			);
			dependencies = (
			);
			name = NextChat;
			productName = NextChat;
			productReference = 60DFBBA11F62795500C0E848 /* NextChat.app */;
			productType = "com.apple.product-type.application";
		};
/* End PBXNativeTarget section */

/* Begin PBXProject section */
		60DFBB991F62795500C0E848 /* Project object */ = {
			isa = PBXProject;
			attributes = {
				LastSwiftUpdateCheck = 0830;
				LastUpgradeCheck = 0830;
				ORGANIZATIONNAME = "Hoang Thu Ha";
				TargetAttributes = {
					60DFBBA01F62795500C0E848 = {
						CreatedOnToolsVersion = 8.3.3;
						ProvisioningStyle = Automatic;
					};
				};
			};
			buildConfigurationList = 60DFBB9C1F62795500C0E848 /* Build configuration list for PBXProject "NextChat" */;
			compatibilityVersion = "Xcode 3.2";
			developmentRegion = English;
			hasScannedForEncodings = 0;
			knownRegions = (
				en,
				Base,
			);
			mainGroup = 60DFBB981F62795500C0E848;
			productRefGroup = 60DFBBA21F62795500C0E848 /* Products */;
			projectDirPath = "";
			projectRoot = "";
			targets = (
				60DFBBA01F62795500C0E848 /* NextChat */,
			);
		};
/* End PBXProject section */

/* Begin PBXResourcesBuildPhase section */
		60DFBB9F1F62795500C0E848 /* Resources */ = {
			isa = PBXResourcesBuildPhase;
			buildActionMask = 2147483647;
			files = (
				60DFBBB71F627B7000C0E848 /* Auth.storyboard in Resources */,
				60DFBBAF1F62795500C0E848 /* LaunchScreen.storyboard in Resources */,
				F8EA022E1F6289C900947178 /* GoogleService-Info.plist in Resources */,
				60DFBBAC1F62795500C0E848 /* Assets.xcassets in Resources */,
				60DFBBAA1F62795500C0E848 /* Main.storyboard in Resources */,
			);
			runOnlyForDeploymentPostprocessing = 0;
		};
/* End PBXResourcesBuildPhase section */

/* Begin PBXShellScriptBuildPhase section */
		BD052C5B5049A601369474DE /* [CP] Copy Pods Resources */ = {
			isa = PBXShellScriptBuildPhase;
			buildActionMask = 2147483647;
			files = (
			);
			inputPaths = (
			);
			name = "[CP] Copy Pods Resources";
			outputPaths = (
			);
			runOnlyForDeploymentPostprocessing = 0;
			shellPath = /bin/sh;
			shellScript = "\"${SRCROOT}/Pods/Target Support Files/Pods-NextChat/Pods-NextChat-resources.sh\"\n";
			showEnvVarsInLog = 0;
		};
		CCCC549ED7EF4196F5BD9295 /* [CP] Check Pods Manifest.lock */ = {
			isa = PBXShellScriptBuildPhase;
			buildActionMask = 2147483647;
			files = (
			);
			inputPaths = (
				"${PODS_PODFILE_DIR_PATH}/Podfile.lock",
				"${PODS_ROOT}/Manifest.lock",
			);
			name = "[CP] Check Pods Manifest.lock";
			outputPaths = (
				"$(DERIVED_FILE_DIR)/Pods-NextChat-checkManifestLockResult.txt",
			);
			runOnlyForDeploymentPostprocessing = 0;
			shellPath = /bin/sh;
			shellScript = "diff \"${PODS_PODFILE_DIR_PATH}/Podfile.lock\" \"${PODS_ROOT}/Manifest.lock\" > /dev/null\nif [ $? != 0 ] ; then\n    # print error to STDERR\n    echo \"error: The sandbox is not in sync with the Podfile.lock. Run 'pod install' or update your CocoaPods installation.\" >&2\n    exit 1\nfi\n# This output is used by Xcode 'outputs' to avoid re-running this script phase.\necho \"SUCCESS\" > \"${SCRIPT_OUTPUT_FILE_0}\"\n";
			showEnvVarsInLog = 0;
		};
		D0763C3E4504C14EC085D984 /* [CP] Embed Pods Frameworks */ = {
			isa = PBXShellScriptBuildPhase;
			buildActionMask = 2147483647;
			files = (
			);
			inputPaths = (
				"${SRCROOT}/Pods/Target Support Files/Pods-NextChat/Pods-NextChat-frameworks.sh",
				"${BUILT_PRODUCTS_DIR}/GTMSessionFetcher/GTMSessionFetcher.framework",
				"${BUILT_PRODUCTS_DIR}/GoogleToolboxForMac/GoogleToolboxForMac.framework",
				"${BUILT_PRODUCTS_DIR}/leveldb-library/leveldb.framework",
				"${BUILT_PRODUCTS_DIR}/nanopb/nanopb.framework",
			);
			name = "[CP] Embed Pods Frameworks";
			outputPaths = (
				"${TARGET_BUILD_DIR}/${FRAMEWORKS_FOLDER_PATH}/GTMSessionFetcher.framework",
				"${TARGET_BUILD_DIR}/${FRAMEWORKS_FOLDER_PATH}/GoogleToolboxForMac.framework",
				"${TARGET_BUILD_DIR}/${FRAMEWORKS_FOLDER_PATH}/leveldb.framework",
				"${TARGET_BUILD_DIR}/${FRAMEWORKS_FOLDER_PATH}/nanopb.framework",
			);
			runOnlyForDeploymentPostprocessing = 0;
			shellPath = /bin/sh;
			shellScript = "\"${SRCROOT}/Pods/Target Support Files/Pods-NextChat/Pods-NextChat-frameworks.sh\"\n";
			showEnvVarsInLog = 0;
		};
/* End PBXShellScriptBuildPhase section */

/* Begin PBXSourcesBuildPhase section */
		60DFBB9D1F62795500C0E848 /* Sources */ = {
			isa = PBXSourcesBuildPhase;
			buildActionMask = 2147483647;
			files = (
				60DFBBA71F62795500C0E848 /* ViewController.swift in Sources */,
				F8EA02301F628FBC00947178 /* ChatViewController.swift in Sources */,
				19AD8A3C1F6291B800A21496 /* LoginViewController.swift in Sources */,
				60DFBBA51F62795500C0E848 /* AppDelegate.swift in Sources */,
			);
			runOnlyForDeploymentPostprocessing = 0;
		};
/* End PBXSourcesBuildPhase section */

/* Begin PBXVariantGroup section */
		60DFBBA81F62795500C0E848 /* Main.storyboard */ = {
			isa = PBXVariantGroup;
			children = (
				60DFBBA91F62795500C0E848 /* Base */,
			);
			name = Main.storyboard;
			sourceTree = "<group>";
		};
		60DFBBAD1F62795500C0E848 /* LaunchScreen.storyboard */ = {
			isa = PBXVariantGroup;
			children = (
				60DFBBAE1F62795500C0E848 /* Base */,
			);
			name = LaunchScreen.storyboard;
			sourceTree = "<group>";
		};
/* End PBXVariantGroup section */

/* Begin XCBuildConfiguration section */
		60DFBBB11F62795500C0E848 /* Debug */ = {
			isa = XCBuildConfiguration;
			buildSettings = {
				ALWAYS_SEARCH_USER_PATHS = NO;
				CLANG_ANALYZER_NONNULL = YES;
				CLANG_ANALYZER_NUMBER_OBJECT_CONVERSION = YES_AGGRESSIVE;
				CLANG_CXX_LANGUAGE_STANDARD = "gnu++0x";
				CLANG_CXX_LIBRARY = "libc++";
				CLANG_ENABLE_MODULES = YES;
				CLANG_ENABLE_OBJC_ARC = YES;
				CLANG_WARN_BOOL_CONVERSION = YES;
				CLANG_WARN_CONSTANT_CONVERSION = YES;
				CLANG_WARN_DIRECT_OBJC_ISA_USAGE = YES_ERROR;
				CLANG_WARN_DOCUMENTATION_COMMENTS = YES;
				CLANG_WARN_EMPTY_BODY = YES;
				CLANG_WARN_ENUM_CONVERSION = YES;
				CLANG_WARN_INFINITE_RECURSION = YES;
				CLANG_WARN_INT_CONVERSION = YES;
				CLANG_WARN_OBJC_ROOT_CLASS = YES_ERROR;
				CLANG_WARN_SUSPICIOUS_MOVE = YES;
				CLANG_WARN_UNREACHABLE_CODE = YES;
				CLANG_WARN__DUPLICATE_METHOD_MATCH = YES;
				"CODE_SIGN_IDENTITY[sdk=iphoneos*]" = "iPhone Developer";
				COPY_PHASE_STRIP = NO;
				DEBUG_INFORMATION_FORMAT = dwarf;
				ENABLE_STRICT_OBJC_MSGSEND = YES;
				ENABLE_TESTABILITY = YES;
				GCC_C_LANGUAGE_STANDARD = gnu99;
				GCC_DYNAMIC_NO_PIC = NO;
				GCC_NO_COMMON_BLOCKS = YES;
				GCC_OPTIMIZATION_LEVEL = 0;
				GCC_PREPROCESSOR_DEFINITIONS = (
					"DEBUG=1",
					"$(inherited)",
				);
				GCC_WARN_64_TO_32_BIT_CONVERSION = YES;
				GCC_WARN_ABOUT_RETURN_TYPE = YES_ERROR;
				GCC_WARN_UNDECLARED_SELECTOR = YES;
				GCC_WARN_UNINITIALIZED_AUTOS = YES_AGGRESSIVE;
				GCC_WARN_UNUSED_FUNCTION = YES;
				GCC_WARN_UNUSED_VARIABLE = YES;
				IPHONEOS_DEPLOYMENT_TARGET = 10.3;
				MTL_ENABLE_DEBUG_INFO = YES;
				ONLY_ACTIVE_ARCH = YES;
				SDKROOT = iphoneos;
				SWIFT_ACTIVE_COMPILATION_CONDITIONS = DEBUG;
				SWIFT_OPTIMIZATION_LEVEL = "-Onone";
				TARGETED_DEVICE_FAMILY = "1,2";
			};
			name = Debug;
		};
		60DFBBB21F62795500C0E848 /* Release */ = {
			isa = XCBuildConfiguration;
			buildSettings = {
				ALWAYS_SEARCH_USER_PATHS = NO;
				CLANG_ANALYZER_NONNULL = YES;
				CLANG_ANALYZER_NUMBER_OBJECT_CONVERSION = YES_AGGRESSIVE;
				CLANG_CXX_LANGUAGE_STANDARD = "gnu++0x";
				CLANG_CXX_LIBRARY = "libc++";
				CLANG_ENABLE_MODULES = YES;
				CLANG_ENABLE_OBJC_ARC = YES;
				CLANG_WARN_BOOL_CONVERSION = YES;
				CLANG_WARN_CONSTANT_CONVERSION = YES;
				CLANG_WARN_DIRECT_OBJC_ISA_USAGE = YES_ERROR;
				CLANG_WARN_DOCUMENTATION_COMMENTS = YES;
				CLANG_WARN_EMPTY_BODY = YES;
				CLANG_WARN_ENUM_CONVERSION = YES;
				CLANG_WARN_INFINITE_RECURSION = YES;
				CLANG_WARN_INT_CONVERSION = YES;
				CLANG_WARN_OBJC_ROOT_CLASS = YES_ERROR;
				CLANG_WARN_SUSPICIOUS_MOVE = YES;
				CLANG_WARN_UNREACHABLE_CODE = YES;
				CLANG_WARN__DUPLICATE_METHOD_MATCH = YES;
				"CODE_SIGN_IDENTITY[sdk=iphoneos*]" = "iPhone Developer";
				COPY_PHASE_STRIP = NO;
				DEBUG_INFORMATION_FORMAT = "dwarf-with-dsym";
				ENABLE_NS_ASSERTIONS = NO;
				ENABLE_STRICT_OBJC_MSGSEND = YES;
				GCC_C_LANGUAGE_STANDARD = gnu99;
				GCC_NO_COMMON_BLOCKS = YES;
				GCC_WARN_64_TO_32_BIT_CONVERSION = YES;
				GCC_WARN_ABOUT_RETURN_TYPE = YES_ERROR;
				GCC_WARN_UNDECLARED_SELECTOR = YES;
				GCC_WARN_UNINITIALIZED_AUTOS = YES_AGGRESSIVE;
				GCC_WARN_UNUSED_FUNCTION = YES;
				GCC_WARN_UNUSED_VARIABLE = YES;
				IPHONEOS_DEPLOYMENT_TARGET = 10.3;
				MTL_ENABLE_DEBUG_INFO = NO;
				SDKROOT = iphoneos;
				SWIFT_OPTIMIZATION_LEVEL = "-Owholemodule";
				TARGETED_DEVICE_FAMILY = "1,2";
				VALIDATE_PRODUCT = YES;
			};
			name = Release;
		};
		60DFBBB41F62795500C0E848 /* Debug */ = {
			isa = XCBuildConfiguration;
			baseConfigurationReference = 0C9BDCFB1B6EDCF280985AC2 /* Pods-NextChat.debug.xcconfig */;
			buildSettings = {
				ASSETCATALOG_COMPILER_APPICON_NAME = AppIcon;
				INFOPLIST_FILE = NextChat/Info.plist;
				LD_RUNPATH_SEARCH_PATHS = "$(inherited) @executable_path/Frameworks";
				PRODUCT_BUNDLE_IDENTIFIER = abc.NextChat;
				PRODUCT_NAME = "$(TARGET_NAME)";
				SWIFT_VERSION = 3.0;
			};
			name = Debug;
		};
		60DFBBB51F62795500C0E848 /* Release */ = {
			isa = XCBuildConfiguration;
			baseConfigurationReference = 3EEA7E75551D3CBC7BCFB883 /* Pods-NextChat.release.xcconfig */;
			buildSettings = {
				ASSETCATALOG_COMPILER_APPICON_NAME = AppIcon;
				INFOPLIST_FILE = NextChat/Info.plist;
				LD_RUNPATH_SEARCH_PATHS = "$(inherited) @executable_path/Frameworks";
				PRODUCT_BUNDLE_IDENTIFIER = abc.NextChat;
				PRODUCT_NAME = "$(TARGET_NAME)";
				SWIFT_VERSION = 3.0;
			};
			name = Release;
		};
/* End XCBuildConfiguration section */

/* Begin XCConfigurationList section */
		60DFBB9C1F62795500C0E848 /* Build configuration list for PBXProject "NextChat" */ = {
			isa = XCConfigurationList;
			buildConfigurations = (
				60DFBBB11F62795500C0E848 /* Debug */,
				60DFBBB21F62795500C0E848 /* Release */,
			);
			defaultConfigurationIsVisible = 0;
			defaultConfigurationName = Release;
		};
		60DFBBB31F62795500C0E848 /* Build configuration list for PBXNativeTarget "NextChat" */ = {
			isa = XCConfigurationList;
			buildConfigurations = (
				60DFBBB41F62795500C0E848 /* Debug */,
				60DFBBB51F62795500C0E848 /* Release */,
			);
			defaultConfigurationIsVisible = 0;
			defaultConfigurationName = Release;
		};
/* End XCConfigurationList section */
	};
	rootObject = 60DFBB991F62795500C0E848 /* Project object */;
}
